
Microsoft Visual Studio Solution File, Format Version 12.00
# Visual Studio for Mac
Project("{FAE04EC0-301F-11D3-BF4B-00C04F79EFBC}") = "MiniPowers", "MiniPowers.csproj", "{9276491C-A4AE-3B06-F193-D5A79C52B2FF}"
EndProject
Project("{FAE04EC0-301F-11D3-BF4B-00C04F79EFBC}") = "MiniPowers.Editor", "MiniPowers.Editor.csproj", "{0FE0232F-607A-D928-B17B-76CDA8AF86F7}"
EndProject
Global
	GlobalSection(SolutionConfigurationPlatforms) = preSolution
		Debug|Any CPU = Debug|Any CPU
		Release|Any CPU = Release|Any CPU
	EndGlobalSection
	GlobalSection(ProjectConfigurationPlatforms) = postSolution
		{9276491C-A4AE-3B06-F193-D5A79C52B2FF}.Debug|Any CPU.ActiveCfg = Debug|Any CPU
		{9276491C-A4AE-3B06-F193-D5A79C52B2FF}.Debug|Any CPU.Build.0 = Debug|Any CPU
		{9276491C-A4AE-3B06-F193-D5A79C52B2FF}.Release|Any CPU.ActiveCfg = Release|Any CPU
		{9276491C-A4AE-3B06-F193-D5A79C52B2FF}.Release|Any CPU.Build.0 = Release|Any CPU
		{0FE0232F-607A-D928-B17B-76CDA8AF86F7}.Debug|Any CPU.ActiveCfg = Debug|Any CPU
		{0FE0232F-607A-D928-B17B-76CDA8AF86F7}.Debug|Any CPU.Build.0 = Debug|Any CPU
		{0FE0232F-607A-D928-B17B-76CDA8AF86F7}.Release|Any CPU.ActiveCfg = Release|Any CPU
		{0FE0232F-607A-D928-B17B-76CDA8AF86F7}.Release|Any CPU.Build.0 = Release|Any CPU
	EndGlobalSection
	GlobalSection(SolutionProperties) = preSolution
		HideSolutionNode = FALSE
	EndGlobalSection
EndGlobal
